
Microsoft Visual Studio Solution File, Format Version 12.00
# Visual Studio Version 16
VisualStudioVersion = 16.0.33801.447
MinimumVisualStudioVersion = 10.0.40219.1
Project("{FAE04EC0-301F-11D3-BF4B-00C04F79EFBC}") = "ПР1", "ПР1\ПР1.csproj", "{71DFA68F-3EE7-4705-BFCF-53CEED61DF41}"
EndProject
Global
	GlobalSection(SolutionConfigurationPlatforms) = preSolution
		Debug|Any CPU = Debug|Any CPU
		Release|Any CPU = Release|Any CPU
	EndGlobalSection
	GlobalSection(ProjectConfigurationPlatforms) = postSolution
		{71DFA68F-3EE7-4705-BFCF-53CEED61DF41}.Debug|Any CPU.ActiveCfg = Debug|Any CPU
		{71DFA68F-3EE7-4705-BFCF-53CEED61DF41}.Debug|Any CPU.Build.0 = Debug|Any CPU
		{71DFA68F-3EE7-4705-BFCF-53CEED61DF41}.Release|Any CPU.ActiveCfg = Release|Any CPU
		{71DFA68F-3EE7-4705-BFCF-53CEED61DF41}.Release|Any CPU.Build.0 = Release|Any CPU
	EndGlobalSection
	GlobalSection(SolutionProperties) = preSolution
		HideSolutionNode = FALSE
	EndGlobalSection
	GlobalSection(ExtensibilityGlobals) = postSolution
		SolutionGuid = {0FFEB290-7561-4BC9-9753-C3205589B97B}
	EndGlobalSection
EndGlobal
