
Microsoft Visual Studio Solution File, Format Version 12.00
# Visual Studio Version 16
VisualStudioVersion = 16.0.33801.447
MinimumVisualStudioVersion = 10.0.40219.1
Project("{FAE04EC0-301F-11D3-BF4B-00C04F79EFBC}") = "DotNetDebugging", "DotNetDebugging\DotNetDebugging.csproj", "{2BFDC5ED-97F7-41B9-9B94-778F69D68DC9}"
EndProject
Global
	GlobalSection(SolutionConfigurationPlatforms) = preSolution
		Debug|Any CPU = Debug|Any CPU
		Release|Any CPU = Release|Any CPU
	EndGlobalSection
	GlobalSection(ProjectConfigurationPlatforms) = postSolution
		{2BFDC5ED-97F7-41B9-9B94-778F69D68DC9}.Debug|Any CPU.ActiveCfg = Debug|Any CPU
		{2BFDC5ED-97F7-41B9-9B94-778F69D68DC9}.Debug|Any CPU.Build.0 = Debug|Any CPU
		{2BFDC5ED-97F7-41B9-9B94-778F69D68DC9}.Release|Any CPU.ActiveCfg = Release|Any CPU
		{2BFDC5ED-97F7-41B9-9B94-778F69D68DC9}.Release|Any CPU.Build.0 = Release|Any CPU
	EndGlobalSection
	GlobalSection(SolutionProperties) = preSolution
		HideSolutionNode = FALSE
	EndGlobalSection
	GlobalSection(ExtensibilityGlobals) = postSolution
		SolutionGuid = {DBE51CB8-E75C-4017-B1A3-7DE929A1E8B3}
	EndGlobalSection
EndGlobal
